
Microsoft Visual Studio Solution File, Format Version 12.00
# Visual Studio 15
VisualStudioVersion = 15.0.28010.2036
MinimumVisualStudioVersion = 10.0.40219.1
Project("{FAE04EC0-301F-11D3-BF4B-00C04F79EFBC}") = "Virus", "Virus\Virus.csproj", "{62F5D3EE-B711-4E38-BCFD-35764D7E5387}"
EndProject
Global
	GlobalSection(SolutionConfigurationPlatforms) = preSolution
		Debug|Any CPU = Debug|Any CPU
		Release|Any CPU = Release|Any CPU
	EndGlobalSection
	GlobalSection(ProjectConfigurationPlatforms) = postSolution
		{62F5D3EE-B711-4E38-BCFD-35764D7E5387}.Debug|Any CPU.ActiveCfg = Debug|Any CPU
		{62F5D3EE-B711-4E38-BCFD-35764D7E5387}.Debug|Any CPU.Build.0 = Debug|Any CPU
		{62F5D3EE-B711-4E38-BCFD-35764D7E5387}.Release|Any CPU.ActiveCfg = Release|Any CPU
		{62F5D3EE-B711-4E38-BCFD-35764D7E5387}.Release|Any CPU.Build.0 = Release|Any CPU
	EndGlobalSection
	GlobalSection(SolutionProperties) = preSolution
		HideSolutionNode = FALSE
	EndGlobalSection
	GlobalSection(ExtensibilityGlobals) = postSolution
		SolutionGuid = {E876BBE3-8972-4F39-A005-968D419C0DCD}
	EndGlobalSection
EndGlobal
